
Microsoft Visual Studio Solution File, Format Version 12.00
# Visual Studio Version 16
VisualStudioVersion = 16.0.31402.337
MinimumVisualStudioVersion = 10.0.40219.1
Project("{9A19103F-16F7-4668-BE54-9A1E7A4F7556}") = "EdgeSharp.Core", "EdgeSharp.Core\EdgeSharp.Core.csproj", "{218A2E62-D0DE-447B-BC1B-B8A788B17C56}"
EndProject
Project("{9A19103F-16F7-4668-BE54-9A1E7A4F7556}") = "EdgeSharp.Core.Owin", "EdgeSharp.Core.Owin\EdgeSharp.Core.Owin.csproj", "{07A5E972-8C02-4E30-BF09-CCFB87991048}"
EndProject
Project("{9A19103F-16F7-4668-BE54-9A1E7A4F7556}") = "EdgeSharp", "EdgeSharp\EdgeSharp.csproj", "{A76A0BCD-CF47-4A0B-9104-C69A567EFE63}"
EndProject
Project("{9A19103F-16F7-4668-BE54-9A1E7A4F7556}") = "EdgeSharp.WinForms", "EdgeSharp.WinForms\EdgeSharp.WinForms.csproj", "{C8A2211F-2AA8-4470-994B-DBB29B7D0B4C}"
EndProject
Project("{9A19103F-16F7-4668-BE54-9A1E7A4F7556}") = "EdgeSharp.Wpf", "EdgeSharp.Wpf\EdgeSharp.Wpf.csproj", "{5701EB9D-F437-4937-A380-851CBCBDDFDD}"
EndProject
Project("{9A19103F-16F7-4668-BE54-9A1E7A4F7556}") = "EdgeSharp.Tests", "EdgeSharp.Tests\EdgeSharp.Tests.csproj", "{3BFC4862-053D-47EC-9286-ADE19BF455A3}"
EndProject
Global
	GlobalSection(SolutionConfigurationPlatforms) = preSolution
		Debug|Any CPU = Debug|Any CPU
		Release|Any CPU = Release|Any CPU
	EndGlobalSection
	GlobalSection(ProjectConfigurationPlatforms) = postSolution
		{218A2E62-D0DE-447B-BC1B-B8A788B17C56}.Debug|Any CPU.ActiveCfg = Debug|Any CPU
		{218A2E62-D0DE-447B-BC1B-B8A788B17C56}.Debug|Any CPU.Build.0 = Debug|Any CPU
		{218A2E62-D0DE-447B-BC1B-B8A788B17C56}.Release|Any CPU.ActiveCfg = Release|Any CPU
		{218A2E62-D0DE-447B-BC1B-B8A788B17C56}.Release|Any CPU.Build.0 = Release|Any CPU
		{07A5E972-8C02-4E30-BF09-CCFB87991048}.Debug|Any CPU.ActiveCfg = Debug|Any CPU
		{07A5E972-8C02-4E30-BF09-CCFB87991048}.Debug|Any CPU.Build.0 = Debug|Any CPU
		{07A5E972-8C02-4E30-BF09-CCFB87991048}.Release|Any CPU.ActiveCfg = Release|Any CPU
		{07A5E972-8C02-4E30-BF09-CCFB87991048}.Release|Any CPU.Build.0 = Release|Any CPU
		{A76A0BCD-CF47-4A0B-9104-C69A567EFE63}.Debug|Any CPU.ActiveCfg = Debug|Any CPU
		{A76A0BCD-CF47-4A0B-9104-C69A567EFE63}.Debug|Any CPU.Build.0 = Debug|Any CPU
		{A76A0BCD-CF47-4A0B-9104-C69A567EFE63}.Release|Any CPU.ActiveCfg = Release|Any CPU
		{A76A0BCD-CF47-4A0B-9104-C69A567EFE63}.Release|Any CPU.Build.0 = Release|Any CPU
		{C8A2211F-2AA8-4470-994B-DBB29B7D0B4C}.Debug|Any CPU.ActiveCfg = Debug|Any CPU
		{C8A2211F-2AA8-4470-994B-DBB29B7D0B4C}.Debug|Any CPU.Build.0 = Debug|Any CPU
		{C8A2211F-2AA8-4470-994B-DBB29B7D0B4C}.Release|Any CPU.ActiveCfg = Release|Any CPU
		{C8A2211F-2AA8-4470-994B-DBB29B7D0B4C}.Release|Any CPU.Build.0 = Release|Any CPU
		{5701EB9D-F437-4937-A380-851CBCBDDFDD}.Debug|Any CPU.ActiveCfg = Debug|Any CPU
		{5701EB9D-F437-4937-A380-851CBCBDDFDD}.Debug|Any CPU.Build.0 = Debug|Any CPU
		{5701EB9D-F437-4937-A380-851CBCBDDFDD}.Release|Any CPU.ActiveCfg = Release|Any CPU
		{5701EB9D-F437-4937-A380-851CBCBDDFDD}.Release|Any CPU.Build.0 = Release|Any CPU
		{3BFC4862-053D-47EC-9286-ADE19BF455A3}.Debug|Any CPU.ActiveCfg = Debug|Any CPU
		{3BFC4862-053D-47EC-9286-ADE19BF455A3}.Debug|Any CPU.Build.0 = Debug|Any CPU
		{3BFC4862-053D-47EC-9286-ADE19BF455A3}.Release|Any CPU.ActiveCfg = Release|Any CPU
		{3BFC4862-053D-47EC-9286-ADE19BF455A3}.Release|Any CPU.Build.0 = Release|Any CPU
	EndGlobalSection
	GlobalSection(SolutionProperties) = preSolution
		HideSolutionNode = FALSE
	EndGlobalSection
	GlobalSection(ExtensibilityGlobals) = postSolution
		SolutionGuid = {A294C589-27C6-402A-A992-72491B0B7323}
	EndGlobalSection
EndGlobal
